
Microsoft Visual Studio Solution File, Format Version 12.00
# Visual Studio Version 17
VisualStudioVersion = 17.13.35825.156 d17.13
MinimumVisualStudioVersion = 10.0.40219.1
Project("{FAE04EC0-301F-11D3-BF4B-00C04F79EFBC}") = "sessia1", "sessia1\sessia1.csproj", "{7890A043-CF04-46BC-A158-A9EC3C19EFFC}"
EndProject
Global
	GlobalSection(SolutionConfigurationPlatforms) = preSolution
		Debug|Any CPU = Debug|Any CPU
		Release|Any CPU = Release|Any CPU
	EndGlobalSection
	GlobalSection(ProjectConfigurationPlatforms) = postSolution
		{7890A043-CF04-46BC-A158-A9EC3C19EFFC}.Debug|Any CPU.ActiveCfg = Debug|Any CPU
		{7890A043-CF04-46BC-A158-A9EC3C19EFFC}.Debug|Any CPU.Build.0 = Debug|Any CPU
		{7890A043-CF04-46BC-A158-A9EC3C19EFFC}.Release|Any CPU.ActiveCfg = Release|Any CPU
		{7890A043-CF04-46BC-A158-A9EC3C19EFFC}.Release|Any CPU.Build.0 = Release|Any CPU
	EndGlobalSection
	GlobalSection(SolutionProperties) = preSolution
		HideSolutionNode = FALSE
	EndGlobalSection
	GlobalSection(ExtensibilityGlobals) = postSolution
		SolutionGuid = {3E711B76-DC56-4789-9140-7B0267E0D717}
	EndGlobalSection
EndGlobal
